
Microsoft Visual Studio Solution File, Format Version 12.00
# Visual Studio Version 17
VisualStudioVersion = 17.9.34616.47
MinimumVisualStudioVersion = 10.0.40219.1
Project("{9A19103F-16F7-4668-BE54-9A1E7A4F7556}") = "PortalGalaxy.Server", "PortalGalaxy\Server\PortalGalaxy.Server.csproj", "{B9ABAF37-1DA9-4E04-BED7-1FA0B6AEB4CD}"
EndProject
Project("{9A19103F-16F7-4668-BE54-9A1E7A4F7556}") = "PortalGalaxy.Client", "PortalGalaxy\Client\PortalGalaxy.Client.csproj", "{1A917B3A-C5FD-46A4-8B77-3E605AF64650}"
EndProject
Project("{9A19103F-16F7-4668-BE54-9A1E7A4F7556}") = "PortalGalaxy.Shared", "PortalGalaxy\Shared\PortalGalaxy.Shared.csproj", "{B15B21B8-80A8-410F-805E-B675E43414D6}"
EndProject
Project("{9A19103F-16F7-4668-BE54-9A1E7A4F7556}") = "PortalGalaxy.Entities", "PortalGalaxy.Entities\PortalGalaxy.Entities.csproj", "{3DED5E1D-E89A-4F75-A93D-F953EBDB482A}"
EndProject
Project("{9A19103F-16F7-4668-BE54-9A1E7A4F7556}") = "PortalGalaxy.DataAccess", "PortalGalaxy.DataAccess\PortalGalaxy.DataAccess.csproj", "{C04875ED-6E4C-4619-9948-5F8B08FE9998}"
EndProject
Project("{9A19103F-16F7-4668-BE54-9A1E7A4F7556}") = "PortalGalaxy.Repositories", "PortalGalaxy.Repositories\PortalGalaxy.Repositories.csproj", "{D28C9860-4AF4-4FCE-8C7C-B9B3DB3DEAEC}"
EndProject
Project("{9A19103F-16F7-4668-BE54-9A1E7A4F7556}") = "PortalGalaxy.Services", "PortalGalaxy.Services\PortalGalaxy.Services.csproj", "{6E85DA83-005D-4A4E-B5D4-6BA5173D01A3}"
EndProject
Project("{2150E333-8FDC-42A3-9474-1A3956D46DE8}") = "01. Frontend", "01. Frontend", "{95DF6BD6-BB73-40F8-97BD-5C6E0302998C}"
EndProject
Project("{2150E333-8FDC-42A3-9474-1A3956D46DE8}") = "02. Backend", "02. Backend", "{E27BEF0D-2DA8-4B8F-92F2-3864F1612F48}"
EndProject
Project("{2150E333-8FDC-42A3-9474-1A3956D46DE8}") = "03. Compartidos", "03. Compartidos", "{984ECC7E-E698-4DAB-9BD1-5807D0A19E83}"
EndProject
Project("{2150E333-8FDC-42A3-9474-1A3956D46DE8}") = "01. Entidades", "01. Entidades", "{3B01EAE0-08DF-4862-8E0C-DBA8BD4CF84D}"
EndProject
Project("{2150E333-8FDC-42A3-9474-1A3956D46DE8}") = "02. Acceso a Datos", "02. Acceso a Datos", "{F9BE47B2-A66B-4E22-B1CD-C132FE6FD86A}"
EndProject
Project("{2150E333-8FDC-42A3-9474-1A3956D46DE8}") = "03. Logica de Negocio", "03. Logica de Negocio", "{4688571C-B4D8-49DE-B571-5F0D28D6C00B}"
EndProject
Project("{2150E333-8FDC-42A3-9474-1A3956D46DE8}") = "04. API REST", "04. API REST", "{82CD12F0-704C-4AC1-9823-61C87FA3CA61}"
EndProject
Project("{2150E333-8FDC-42A3-9474-1A3956D46DE8}") = "Solution Items", "Solution Items", "{AE275FCB-4896-4A86-933A-7A6415DAA812}"
	ProjectSection(SolutionItems) = preProject
		global.json = global.json
	EndProjectSection
EndProject
Global
	GlobalSection(SolutionConfigurationPlatforms) = preSolution
		Debug|Any CPU = Debug|Any CPU
		Release|Any CPU = Release|Any CPU
	EndGlobalSection
	GlobalSection(ProjectConfigurationPlatforms) = postSolution
		{B9ABAF37-1DA9-4E04-BED7-1FA0B6AEB4CD}.Debug|Any CPU.ActiveCfg = Debug|Any CPU
		{B9ABAF37-1DA9-4E04-BED7-1FA0B6AEB4CD}.Debug|Any CPU.Build.0 = Debug|Any CPU
		{B9ABAF37-1DA9-4E04-BED7-1FA0B6AEB4CD}.Release|Any CPU.ActiveCfg = Release|Any CPU
		{B9ABAF37-1DA9-4E04-BED7-1FA0B6AEB4CD}.Release|Any CPU.Build.0 = Release|Any CPU
		{1A917B3A-C5FD-46A4-8B77-3E605AF64650}.Debug|Any CPU.ActiveCfg = Debug|Any CPU
		{1A917B3A-C5FD-46A4-8B77-3E605AF64650}.Debug|Any CPU.Build.0 = Debug|Any CPU
		{1A917B3A-C5FD-46A4-8B77-3E605AF64650}.Release|Any CPU.ActiveCfg = Release|Any CPU
		{1A917B3A-C5FD-46A4-8B77-3E605AF64650}.Release|Any CPU.Build.0 = Release|Any CPU
		{B15B21B8-80A8-410F-805E-B675E43414D6}.Debug|Any CPU.ActiveCfg = Debug|Any CPU
		{B15B21B8-80A8-410F-805E-B675E43414D6}.Debug|Any CPU.Build.0 = Debug|Any CPU
		{B15B21B8-80A8-410F-805E-B675E43414D6}.Release|Any CPU.ActiveCfg = Release|Any CPU
		{B15B21B8-80A8-410F-805E-B675E43414D6}.Release|Any CPU.Build.0 = Release|Any CPU
		{3DED5E1D-E89A-4F75-A93D-F953EBDB482A}.Debug|Any CPU.ActiveCfg = Debug|Any CPU
		{3DED5E1D-E89A-4F75-A93D-F953EBDB482A}.Debug|Any CPU.Build.0 = Debug|Any CPU
		{3DED5E1D-E89A-4F75-A93D-F953EBDB482A}.Release|Any CPU.ActiveCfg = Release|Any CPU
		{3DED5E1D-E89A-4F75-A93D-F953EBDB482A}.Release|Any CPU.Build.0 = Release|Any CPU
		{C04875ED-6E4C-4619-9948-5F8B08FE9998}.Debug|Any CPU.ActiveCfg = Debug|Any CPU
		{C04875ED-6E4C-4619-9948-5F8B08FE9998}.Debug|Any CPU.Build.0 = Debug|Any CPU
		{C04875ED-6E4C-4619-9948-5F8B08FE9998}.Release|Any CPU.ActiveCfg = Release|Any CPU
		{C04875ED-6E4C-4619-9948-5F8B08FE9998}.Release|Any CPU.Build.0 = Release|Any CPU
		{D28C9860-4AF4-4FCE-8C7C-B9B3DB3DEAEC}.Debug|Any CPU.ActiveCfg = Debug|Any CPU
		{D28C9860-4AF4-4FCE-8C7C-B9B3DB3DEAEC}.Debug|Any CPU.Build.0 = Debug|Any CPU
		{D28C9860-4AF4-4FCE-8C7C-B9B3DB3DEAEC}.Release|Any CPU.ActiveCfg = Release|Any CPU
		{D28C9860-4AF4-4FCE-8C7C-B9B3DB3DEAEC}.Release|Any CPU.Build.0 = Release|Any CPU
		{6E85DA83-005D-4A4E-B5D4-6BA5173D01A3}.Debug|Any CPU.ActiveCfg = Debug|Any CPU
		{6E85DA83-005D-4A4E-B5D4-6BA5173D01A3}.Debug|Any CPU.Build.0 = Debug|Any CPU
		{6E85DA83-005D-4A4E-B5D4-6BA5173D01A3}.Release|Any CPU.ActiveCfg = Release|Any CPU
		{6E85DA83-005D-4A4E-B5D4-6BA5173D01A3}.Release|Any CPU.Build.0 = Release|Any CPU
	EndGlobalSection
	GlobalSection(SolutionProperties) = preSolution
		HideSolutionNode = FALSE
	EndGlobalSection
	GlobalSection(NestedProjects) = preSolution
		{B9ABAF37-1DA9-4E04-BED7-1FA0B6AEB4CD} = {82CD12F0-704C-4AC1-9823-61C87FA3CA61}
		{1A917B3A-C5FD-46A4-8B77-3E605AF64650} = {95DF6BD6-BB73-40F8-97BD-5C6E0302998C}
		{B15B21B8-80A8-410F-805E-B675E43414D6} = {984ECC7E-E698-4DAB-9BD1-5807D0A19E83}
		{3DED5E1D-E89A-4F75-A93D-F953EBDB482A} = {3B01EAE0-08DF-4862-8E0C-DBA8BD4CF84D}
		{C04875ED-6E4C-4619-9948-5F8B08FE9998} = {F9BE47B2-A66B-4E22-B1CD-C132FE6FD86A}
		{D28C9860-4AF4-4FCE-8C7C-B9B3DB3DEAEC} = {F9BE47B2-A66B-4E22-B1CD-C132FE6FD86A}
		{6E85DA83-005D-4A4E-B5D4-6BA5173D01A3} = {4688571C-B4D8-49DE-B571-5F0D28D6C00B}
		{3B01EAE0-08DF-4862-8E0C-DBA8BD4CF84D} = {E27BEF0D-2DA8-4B8F-92F2-3864F1612F48}
		{F9BE47B2-A66B-4E22-B1CD-C132FE6FD86A} = {E27BEF0D-2DA8-4B8F-92F2-3864F1612F48}
		{4688571C-B4D8-49DE-B571-5F0D28D6C00B} = {E27BEF0D-2DA8-4B8F-92F2-3864F1612F48}
		{82CD12F0-704C-4AC1-9823-61C87FA3CA61} = {E27BEF0D-2DA8-4B8F-92F2-3864F1612F48}
	EndGlobalSection
	GlobalSection(ExtensibilityGlobals) = postSolution
		SolutionGuid = {C45A7DFC-8A39-48D7-9571-3F0A4CE6E46E}
	EndGlobalSection
EndGlobal
